// !$*UTF8*$!
{
	archiveVersion = 1;
	classes = {
	};
	objectVersion = 50;
	objects = {

/* Begin PBXBuildFile section */
		5373705621D384480027E27C /* Mesh.cpp in Sources */ = {isa = PBXBuildFile; fileRef = 5373705421D384480027E27C /* Mesh.cpp */; };
		5373705921D3D2AA0027E27C /* Shader.cpp in Sources */ = {isa = PBXBuildFile; fileRef = 5373705721D3D2AA0027E27C /* Shader.cpp */; };
		5373705F21D3DC3B0027E27C /* Utils.cpp in Sources */ = {isa = PBXBuildFile; fileRef = 5373705D21D3DC3B0027E27C /* Utils.cpp */; };
		5373706721D4D7180027E27C /* GLWindow.cpp in Sources */ = {isa = PBXBuildFile; fileRef = 5373706521D4D7180027E27C /* GLWindow.cpp */; };
		5373706A21D649F60027E27C /* Camera.cpp in Sources */ = {isa = PBXBuildFile; fileRef = 5373706821D649F60027E27C /* Camera.cpp */; };
		5373707121D7AB570027E27C /* Texture.cpp in Sources */ = {isa = PBXBuildFile; fileRef = 5373706F21D7AB570027E27C /* Texture.cpp */; };
		53A7E555215159AA002CDA17 /* main.cpp in Sources */ = {isa = PBXBuildFile; fileRef = 53A7E554215159AA002CDA17 /* main.cpp */; };
		53A7E55D21515A6C002CDA17 /* OpenGL.framework in Frameworks */ = {isa = PBXBuildFile; fileRef = 53A7E55C21515A6C002CDA17 /* OpenGL.framework */; };
		53A7E55F21515A96002CDA17 /* libGLEW.2.1.0.dylib in Frameworks */ = {isa = PBXBuildFile; fileRef = 53A7E55E21515A96002CDA17 /* libGLEW.2.1.0.dylib */; };
		53A7E56121515AB1002CDA17 /* libglfw.3.2.dylib in Frameworks */ = {isa = PBXBuildFile; fileRef = 53A7E56021515AB1002CDA17 /* libglfw.3.2.dylib */; };
/* End PBXBuildFile section */

/* Begin PBXCopyFilesBuildPhase section */
		53A7E54F215159AA002CDA17 /* CopyFiles */ = {
			isa = PBXCopyFilesBuildPhase;
			buildActionMask = 2147483647;
			dstPath = /usr/share/man/man1/;
			dstSubfolderSpec = 0;
			files = (
			);
			runOnlyForDeploymentPostprocessing = 1;
		};
/* End PBXCopyFilesBuildPhase section */

/* Begin PBXFileReference section */
		5373705421D384480027E27C /* Mesh.cpp */ = {isa = PBXFileReference; lastKnownFileType = sourcecode.cpp.cpp; path = Mesh.cpp; sourceTree = "<group>"; };
		5373705521D384480027E27C /* Mesh.hpp */ = {isa = PBXFileReference; lastKnownFileType = sourcecode.cpp.h; path = Mesh.hpp; sourceTree = "<group>"; };
		5373705721D3D2AA0027E27C /* Shader.cpp */ = {isa = PBXFileReference; lastKnownFileType = sourcecode.cpp.cpp; path = Shader.cpp; sourceTree = "<group>"; };
		5373705821D3D2AA0027E27C /* Shader.hpp */ = {isa = PBXFileReference; lastKnownFileType = sourcecode.cpp.h; path = Shader.hpp; sourceTree = "<group>"; };
		5373705D21D3DC3B0027E27C /* Utils.cpp */ = {isa = PBXFileReference; lastKnownFileType = sourcecode.cpp.cpp; path = Utils.cpp; sourceTree = "<group>"; };
		5373705E21D3DC3B0027E27C /* Utils.hpp */ = {isa = PBXFileReference; lastKnownFileType = sourcecode.cpp.h; path = Utils.hpp; sourceTree = "<group>"; };
		5373706021D4D1940027E27C /* vert.shader */ = {isa = PBXFileReference; fileEncoding = 4; lastKnownFileType = text; path = vert.shader; sourceTree = "<group>"; };
		5373706121D4D1940027E27C /* frag.shader */ = {isa = PBXFileReference; fileEncoding = 4; lastKnownFileType = text; path = frag.shader; sourceTree = "<group>"; };
		5373706521D4D7180027E27C /* GLWindow.cpp */ = {isa = PBXFileReference; lastKnownFileType = sourcecode.cpp.cpp; path = GLWindow.cpp; sourceTree = "<group>"; };
		5373706621D4D7180027E27C /* GLWindow.hpp */ = {isa = PBXFileReference; lastKnownFileType = sourcecode.cpp.h; path = GLWindow.hpp; sourceTree = "<group>"; };
		5373706821D649F60027E27C /* Camera.cpp */ = {isa = PBXFileReference; lastKnownFileType = sourcecode.cpp.cpp; path = Camera.cpp; sourceTree = "<group>"; };
		5373706921D649F60027E27C /* Camera.hpp */ = {isa = PBXFileReference; lastKnownFileType = sourcecode.cpp.h; path = Camera.hpp; sourceTree = "<group>"; };
		5373706C21D655080027E27C /* Consts.hpp */ = {isa = PBXFileReference; lastKnownFileType = sourcecode.cpp.h; path = Consts.hpp; sourceTree = "<group>"; };
		5373706E21D7AAFA0027E27C /* stb_image.h */ = {isa = PBXFileReference; lastKnownFileType = sourcecode.c.h; path = stb_image.h; sourceTree = "<group>"; };
		5373706F21D7AB570027E27C /* Texture.cpp */ = {isa = PBXFileReference; lastKnownFileType = sourcecode.cpp.cpp; path = Texture.cpp; sourceTree = "<group>"; };
		5373707021D7AB570027E27C /* Texture.hpp */ = {isa = PBXFileReference; lastKnownFileType = sourcecode.cpp.h; path = Texture.hpp; sourceTree = "<group>"; };
		5373707421D7B3A20027E27C /* brick.png */ = {isa = PBXFileReference; lastKnownFileType = image.png; name = brick.png; path = OpenGL_example/textures/brick.png; sourceTree = SOURCE_ROOT; };
		5373707521D7B3A20027E27C /* dirt.png */ = {isa = PBXFileReference; lastKnownFileType = image.png; name = dirt.png; path = OpenGL_example/textures/dirt.png; sourceTree = SOURCE_ROOT; };
		53A7E551215159AA002CDA17 /* OpenGL GLFW */ = {isa = PBXFileReference; explicitFileType = "compiled.mach-o.executable"; includeInIndex = 0; path = "OpenGL GLFW"; sourceTree = BUILT_PRODUCTS_DIR; };
		53A7E554215159AA002CDA17 /* main.cpp */ = {isa = PBXFileReference; lastKnownFileType = sourcecode.cpp.cpp; path = main.cpp; sourceTree = "<group>"; };
		53A7E55C21515A6C002CDA17 /* OpenGL.framework */ = {isa = PBXFileReference; lastKnownFileType = wrapper.framework; name = OpenGL.framework; path = System/Library/Frameworks/OpenGL.framework; sourceTree = SDKROOT; };
		53A7E55E21515A96002CDA17 /* libGLEW.2.1.0.dylib */ = {isa = PBXFileReference; lastKnownFileType = "compiled.mach-o.dylib"; name = libGLEW.2.1.0.dylib; path = ../../../../../../../usr/local/Cellar/glew/2.1.0/lib/libGLEW.2.1.0.dylib; sourceTree = "<group>"; };
		53A7E56021515AB1002CDA17 /* libglfw.3.2.dylib */ = {isa = PBXFileReference; lastKnownFileType = "compiled.mach-o.dylib"; name = libglfw.3.2.dylib; path = ../../../../../../../usr/local/Cellar/glfw/3.2.1/lib/libglfw.3.2.dylib; sourceTree = "<group>"; };
/* End PBXFileReference section */

/* Begin PBXFrameworksBuildPhase section */
		53A7E54E215159AA002CDA17 /* Frameworks */ = {
			isa = PBXFrameworksBuildPhase;
			buildActionMask = 2147483647;
			files = (
				53A7E56121515AB1002CDA17 /* libglfw.3.2.dylib in Frameworks */,
				53A7E55F21515A96002CDA17 /* libGLEW.2.1.0.dylib in Frameworks */,
				53A7E55D21515A6C002CDA17 /* OpenGL.framework in Frameworks */,
			);
			runOnlyForDeploymentPostprocessing = 0;
		};
/* End PBXFrameworksBuildPhase section */

/* Begin PBXGroup section */
		5373705A21D3DABD0027E27C /* shaders */ = {
			isa = PBXGroup;
			children = (
				5373706121D4D1940027E27C /* frag.shader */,
				5373706021D4D1940027E27C /* vert.shader */,
			);
			path = shaders;
			sourceTree = "<group>";
		};
		5373707321D7B2ED0027E27C /* textures */ = {
			isa = PBXGroup;
			children = (
				5373707421D7B3A20027E27C /* brick.png */,
				5373707521D7B3A20027E27C /* dirt.png */,
			);
			path = textures;
			sourceTree = "<group>";
		};
		53A7E548215159AA002CDA17 = {
			isa = PBXGroup;
			children = (
				53A7E553215159AA002CDA17 /* OpenGL_example */,
				53A7E552215159AA002CDA17 /* Products */,
				53A7E55B21515A6C002CDA17 /* Frameworks */,
			);
			sourceTree = "<group>";
		};
		53A7E552215159AA002CDA17 /* Products */ = {
			isa = PBXGroup;
			children = (
				53A7E551215159AA002CDA17 /* OpenGL GLFW */,
			);
			name = Products;
			sourceTree = "<group>";
		};
		53A7E553215159AA002CDA17 /* OpenGL_example */ = {
			isa = PBXGroup;
			children = (
				53A7E554215159AA002CDA17 /* main.cpp */,
				5373706F21D7AB570027E27C /* Texture.cpp */,
				5373707021D7AB570027E27C /* Texture.hpp */,
				5373706521D4D7180027E27C /* GLWindow.cpp */,
				5373706821D649F60027E27C /* Camera.cpp */,
				5373706921D649F60027E27C /* Camera.hpp */,
				5373706621D4D7180027E27C /* GLWindow.hpp */,
				5373706E21D7AAFA0027E27C /* stb_image.h */,
				5373705D21D3DC3B0027E27C /* Utils.cpp */,
				5373705E21D3DC3B0027E27C /* Utils.hpp */,
				5373705721D3D2AA0027E27C /* Shader.cpp */,
				5373705821D3D2AA0027E27C /* Shader.hpp */,
				5373705421D384480027E27C /* Mesh.cpp */,
				5373705521D384480027E27C /* Mesh.hpp */,
				5373706C21D655080027E27C /* Consts.hpp */,
				5373705A21D3DABD0027E27C /* shaders */,
				5373707321D7B2ED0027E27C /* textures */,
			);
			path = OpenGL_example;
			sourceTree = "<group>";
		};
		53A7E55B21515A6C002CDA17 /* Frameworks */ = {
			isa = PBXGroup;
			children = (
				53A7E56021515AB1002CDA17 /* libglfw.3.2.dylib */,
				53A7E55E21515A96002CDA17 /* libGLEW.2.1.0.dylib */,
				53A7E55C21515A6C002CDA17 /* OpenGL.framework */,
			);
			name = Frameworks;
			sourceTree = "<group>";
		};
/* End PBXGroup section */

/* Begin PBXNativeTarget section */
		53A7E550215159AA002CDA17 /* OpenGL GLFW */ = {
			isa = PBXNativeTarget;
			buildConfigurationList = 53A7E558215159AA002CDA17 /* Build configuration list for PBXNativeTarget "OpenGL GLFW" */;
			buildPhases = (
				53A7E54D215159AA002CDA17 /* Sources */,
				53A7E54E215159AA002CDA17 /* Frameworks */,
				53A7E54F215159AA002CDA17 /* CopyFiles */,
			);
			buildRules = (
			);
			dependencies = (
			);
			name = "OpenGL GLFW";
			productName = "OpenGL GLFW";
			productReference = 53A7E551215159AA002CDA17 /* OpenGL GLFW */;
			productType = "com.apple.product-type.tool";
		};
/* End PBXNativeTarget section */

/* Begin PBXProject section */
		53A7E549215159AA002CDA17 /* Project object */ = {
			isa = PBXProject;
			attributes = {
				LastUpgradeCheck = 0940;
				ORGANIZATIONNAME = "Keith Tunstead";
				TargetAttributes = {
					53A7E550215159AA002CDA17 = {
						CreatedOnToolsVersion = 9.4.1;
					};
				};
			};
			buildConfigurationList = 53A7E54C215159AA002CDA17 /* Build configuration list for PBXProject "OpenGL_example" */;
			compatibilityVersion = "Xcode 9.3";
			developmentRegion = en;
			hasScannedForEncodings = 0;
			knownRegions = (
				en,
			);
			mainGroup = 53A7E548215159AA002CDA17;
			productRefGroup = 53A7E552215159AA002CDA17 /* Products */;
			projectDirPath = "";
			projectRoot = "";
			targets = (
				53A7E550215159AA002CDA17 /* OpenGL GLFW */,
			);
		};
/* End PBXProject section */

/* Begin PBXSourcesBuildPhase section */
		53A7E54D215159AA002CDA17 /* Sources */ = {
			isa = PBXSourcesBuildPhase;
			buildActionMask = 2147483647;
			files = (
				5373705621D384480027E27C /* Mesh.cpp in Sources */,
				5373707121D7AB570027E27C /* Texture.cpp in Sources */,
				5373705921D3D2AA0027E27C /* Shader.cpp in Sources */,
				5373706721D4D7180027E27C /* GLWindow.cpp in Sources */,
				53A7E555215159AA002CDA17 /* main.cpp in Sources */,
				5373706A21D649F60027E27C /* Camera.cpp in Sources */,
				5373705F21D3DC3B0027E27C /* Utils.cpp in Sources */,
			);
			runOnlyForDeploymentPostprocessing = 0;
		};
/* End PBXSourcesBuildPhase section */

/* Begin XCBuildConfiguration section */
		53A7E556215159AA002CDA17 /* Debug */ = {
			isa = XCBuildConfiguration;
			buildSettings = {
				ALWAYS_SEARCH_USER_PATHS = NO;
				CLANG_ANALYZER_NONNULL = YES;
				CLANG_ANALYZER_NUMBER_OBJECT_CONVERSION = YES_AGGRESSIVE;
				CLANG_CXX_LANGUAGE_STANDARD = "gnu++14";
				CLANG_CXX_LIBRARY = "libc++";
				CLANG_ENABLE_MODULES = YES;
				CLANG_ENABLE_OBJC_ARC = YES;
				CLANG_ENABLE_OBJC_WEAK = YES;
				CLANG_WARN_BLOCK_CAPTURE_AUTORELEASING = YES;
				CLANG_WARN_BOOL_CONVERSION = YES;
				CLANG_WARN_COMMA = YES;
				CLANG_WARN_CONSTANT_CONVERSION = YES;
				CLANG_WARN_DEPRECATED_OBJC_IMPLEMENTATIONS = YES;
				CLANG_WARN_DIRECT_OBJC_ISA_USAGE = YES_ERROR;
				CLANG_WARN_DOCUMENTATION_COMMENTS = YES;
				CLANG_WARN_EMPTY_BODY = YES;
				CLANG_WARN_ENUM_CONVERSION = YES;
				CLANG_WARN_INFINITE_RECURSION = YES;
				CLANG_WARN_INT_CONVERSION = YES;
				CLANG_WARN_NON_LITERAL_NULL_CONVERSION = YES;
				CLANG_WARN_OBJC_IMPLICIT_RETAIN_SELF = YES;
				CLANG_WARN_OBJC_LITERAL_CONVERSION = YES;
				CLANG_WARN_OBJC_ROOT_CLASS = YES_ERROR;
				CLANG_WARN_RANGE_LOOP_ANALYSIS = YES;
				CLANG_WARN_STRICT_PROTOTYPES = YES;
				CLANG_WARN_SUSPICIOUS_MOVE = YES;
				CLANG_WARN_UNGUARDED_AVAILABILITY = YES_AGGRESSIVE;
				CLANG_WARN_UNREACHABLE_CODE = YES;
				CLANG_WARN__DUPLICATE_METHOD_MATCH = YES;
				CODE_SIGN_IDENTITY = "-";
				COPY_PHASE_STRIP = NO;
				DEBUG_INFORMATION_FORMAT = dwarf;
				ENABLE_STRICT_OBJC_MSGSEND = YES;
				ENABLE_TESTABILITY = YES;
				GCC_C_LANGUAGE_STANDARD = gnu11;
				GCC_DYNAMIC_NO_PIC = NO;
				GCC_NO_COMMON_BLOCKS = YES;
				GCC_OPTIMIZATION_LEVEL = 0;
				GCC_PREPROCESSOR_DEFINITIONS = (
					"DEBUG=1",
					"$(inherited)",
				);
				GCC_WARN_64_TO_32_BIT_CONVERSION = YES;
				GCC_WARN_ABOUT_RETURN_TYPE = YES_ERROR;
				GCC_WARN_UNDECLARED_SELECTOR = YES;
				GCC_WARN_UNINITIALIZED_AUTOS = YES_AGGRESSIVE;
				GCC_WARN_UNUSED_FUNCTION = YES;
				GCC_WARN_UNUSED_VARIABLE = YES;
				MACOSX_DEPLOYMENT_TARGET = 10.13;
				MTL_ENABLE_DEBUG_INFO = YES;
				ONLY_ACTIVE_ARCH = YES;
				SDKROOT = macosx;
			};
			name = Debug;
		};
		53A7E557215159AA002CDA17 /* Release */ = {
			isa = XCBuildConfiguration;
			buildSettings = {
				ALWAYS_SEARCH_USER_PATHS = NO;
				CLANG_ANALYZER_NONNULL = YES;
				CLANG_ANALYZER_NUMBER_OBJECT_CONVERSION = YES_AGGRESSIVE;
				CLANG_CXX_LANGUAGE_STANDARD = "gnu++14";
				CLANG_CXX_LIBRARY = "libc++";
				CLANG_ENABLE_MODULES = YES;
				CLANG_ENABLE_OBJC_ARC = YES;
				CLANG_ENABLE_OBJC_WEAK = YES;
				CLANG_WARN_BLOCK_CAPTURE_AUTORELEASING = YES;
				CLANG_WARN_BOOL_CONVERSION = YES;
				CLANG_WARN_COMMA = YES;
				CLANG_WARN_CONSTANT_CONVERSION = YES;
				CLANG_WARN_DEPRECATED_OBJC_IMPLEMENTATIONS = YES;
				CLANG_WARN_DIRECT_OBJC_ISA_USAGE = YES_ERROR;
				CLANG_WARN_DOCUMENTATION_COMMENTS = YES;
				CLANG_WARN_EMPTY_BODY = YES;
				CLANG_WARN_ENUM_CONVERSION = YES;
				CLANG_WARN_INFINITE_RECURSION = YES;
				CLANG_WARN_INT_CONVERSION = YES;
				CLANG_WARN_NON_LITERAL_NULL_CONVERSION = YES;
				CLANG_WARN_OBJC_IMPLICIT_RETAIN_SELF = YES;
				CLANG_WARN_OBJC_LITERAL_CONVERSION = YES;
				CLANG_WARN_OBJC_ROOT_CLASS = YES_ERROR;
				CLANG_WARN_RANGE_LOOP_ANALYSIS = YES;
				CLANG_WARN_STRICT_PROTOTYPES = YES;
				CLANG_WARN_SUSPICIOUS_MOVE = YES;
				CLANG_WARN_UNGUARDED_AVAILABILITY = YES_AGGRESSIVE;
				CLANG_WARN_UNREACHABLE_CODE = YES;
				CLANG_WARN__DUPLICATE_METHOD_MATCH = YES;
				CODE_SIGN_IDENTITY = "-";
				COPY_PHASE_STRIP = NO;
				DEBUG_INFORMATION_FORMAT = "dwarf-with-dsym";
				ENABLE_NS_ASSERTIONS = NO;
				ENABLE_STRICT_OBJC_MSGSEND = YES;
				GCC_C_LANGUAGE_STANDARD = gnu11;
				GCC_NO_COMMON_BLOCKS = YES;
				GCC_WARN_64_TO_32_BIT_CONVERSION = YES;
				GCC_WARN_ABOUT_RETURN_TYPE = YES_ERROR;
				GCC_WARN_UNDECLARED_SELECTOR = YES;
				GCC_WARN_UNINITIALIZED_AUTOS = YES_AGGRESSIVE;
				GCC_WARN_UNUSED_FUNCTION = YES;
				GCC_WARN_UNUSED_VARIABLE = YES;
				MACOSX_DEPLOYMENT_TARGET = 10.13;
				MTL_ENABLE_DEBUG_INFO = NO;
				SDKROOT = macosx;
			};
			name = Release;
		};
		53A7E559215159AA002CDA17 /* Debug */ = {
			isa = XCBuildConfiguration;
			buildSettings = {
				CODE_SIGN_STYLE = Automatic;
				HEADER_SEARCH_PATHS = /usr/local/include;
				LIBRARY_SEARCH_PATHS = (
					"$(inherited)",
					/usr/local/Cellar/glew/2.1.0/lib,
					/usr/local/Cellar/glfw/3.2.1/lib,
				);
				PRODUCT_NAME = "$(TARGET_NAME)";
			};
			name = Debug;
		};
		53A7E55A215159AA002CDA17 /* Release */ = {
			isa = XCBuildConfiguration;
			buildSettings = {
				CODE_SIGN_STYLE = Automatic;
				HEADER_SEARCH_PATHS = /usr/local/include;
				LIBRARY_SEARCH_PATHS = (
					"$(inherited)",
					/usr/local/Cellar/glew/2.1.0/lib,
					/usr/local/Cellar/glfw/3.2.1/lib,
				);
				PRODUCT_NAME = "$(TARGET_NAME)";
			};
			name = Release;
		};
/* End XCBuildConfiguration section */

/* Begin XCConfigurationList section */
		53A7E54C215159AA002CDA17 /* Build configuration list for PBXProject "OpenGL_example" */ = {
			isa = XCConfigurationList;
			buildConfigurations = (
				53A7E556215159AA002CDA17 /* Debug */,
				53A7E557215159AA002CDA17 /* Release */,
			);
			defaultConfigurationIsVisible = 0;
			defaultConfigurationName = Release;
		};
		53A7E558215159AA002CDA17 /* Build configuration list for PBXNativeTarget "OpenGL GLFW" */ = {
			isa = XCConfigurationList;
			buildConfigurations = (
				53A7E559215159AA002CDA17 /* Debug */,
				53A7E55A215159AA002CDA17 /* Release */,
			);
			defaultConfigurationIsVisible = 0;
			defaultConfigurationName = Release;
		};
/* End XCConfigurationList section */
	};
	rootObject = 53A7E549215159AA002CDA17 /* Project object */;
}
